
Microsoft Visual Studio Solution File, Format Version 12.00
# Visual Studio 15
VisualStudioVersion = 15.0.28307.1433
MinimumVisualStudioVersion = 10.0.40219.1
Project("{FAE04EC0-301F-11D3-BF4B-00C04F79EFBC}") = "GroupProjectWPF", "GroupProjectWPF\GroupProjectWPF.csproj", "{7FC1D7CC-2A96-4C81-8E81-BB1DE3C7317A}"
EndProject
Project("{2150E333-8FDC-42A3-9474-1A3956D46DE8}") = "NewFolder1", "NewFolder1", "{B6AF70D4-204B-4A08-B983-0FBBAA91738D}"
EndProject
Global
	GlobalSection(SolutionConfigurationPlatforms) = preSolution
		Debug|Any CPU = Debug|Any CPU
		Release|Any CPU = Release|Any CPU
	EndGlobalSection
	GlobalSection(ProjectConfigurationPlatforms) = postSolution
		{7FC1D7CC-2A96-4C81-8E81-BB1DE3C7317A}.Debug|Any CPU.ActiveCfg = Debug|Any CPU
		{7FC1D7CC-2A96-4C81-8E81-BB1DE3C7317A}.Debug|Any CPU.Build.0 = Debug|Any CPU
		{7FC1D7CC-2A96-4C81-8E81-BB1DE3C7317A}.Release|Any CPU.ActiveCfg = Release|Any CPU
		{7FC1D7CC-2A96-4C81-8E81-BB1DE3C7317A}.Release|Any CPU.Build.0 = Release|Any CPU
	EndGlobalSection
	GlobalSection(SolutionProperties) = preSolution
		HideSolutionNode = FALSE
	EndGlobalSection
	GlobalSection(ExtensibilityGlobals) = postSolution
		SolutionGuid = {DDAE5D2D-5933-480C-A311-EED624536943}
	EndGlobalSection
EndGlobal
