
Microsoft Visual Studio Solution File, Format Version 12.00
# Visual Studio 15
VisualStudioVersion = 15.0.28307.1433
MinimumVisualStudioVersion = 10.0.40219.1
Project("{FAE04EC0-301F-11D3-BF4B-00C04F79EFBC}") = "GroupProject", "GroupProject\GroupProject.csproj", "{89E31DB4-3AAA-49EB-84A8-59B5EC8DF7F7}"
EndProject
Global
	GlobalSection(SolutionConfigurationPlatforms) = preSolution
		Debug|Any CPU = Debug|Any CPU
		Release|Any CPU = Release|Any CPU
	EndGlobalSection
	GlobalSection(ProjectConfigurationPlatforms) = postSolution
		{89E31DB4-3AAA-49EB-84A8-59B5EC8DF7F7}.Debug|Any CPU.ActiveCfg = Debug|Any CPU
		{89E31DB4-3AAA-49EB-84A8-59B5EC8DF7F7}.Debug|Any CPU.Build.0 = Debug|Any CPU
		{89E31DB4-3AAA-49EB-84A8-59B5EC8DF7F7}.Release|Any CPU.ActiveCfg = Release|Any CPU
		{89E31DB4-3AAA-49EB-84A8-59B5EC8DF7F7}.Release|Any CPU.Build.0 = Release|Any CPU
	EndGlobalSection
	GlobalSection(SolutionProperties) = preSolution
		HideSolutionNode = FALSE
	EndGlobalSection
	GlobalSection(ExtensibilityGlobals) = postSolution
		SolutionGuid = {BA86B738-DFF8-40AC-A678-FCC17F8B4603}
	EndGlobalSection
EndGlobal
